// !$*UTF8*$!
{
	archiveVersion = 1;
	classes = {
	};
	objectVersion = 46;
	objects = {

/* Begin PBXBuildFile section */
		CE2434F91DDC95DE0091D9EF /* pokemon.csv in Resources */ = {isa = PBXBuildFile; fileRef = CE2434F81DDC95DE0091D9EF /* pokemon.csv */; };
		CE2434FC1DDC98320091D9EF /* Pokemon.swift in Sources */ = {isa = PBXBuildFile; fileRef = CE2434FB1DDC98320091D9EF /* Pokemon.swift */; };
		CE9B13C01DDC59D5000CBA30 /* AppDelegate.swift in Sources */ = {isa = PBXBuildFile; fileRef = CE9B13BF1DDC59D5000CBA30 /* AppDelegate.swift */; };
		CE9B13C21DDC59D5000CBA30 /* ViewController.swift in Sources */ = {isa = PBXBuildFile; fileRef = CE9B13C11DDC59D5000CBA30 /* ViewController.swift */; };
		CE9B13C51DDC59D5000CBA30 /* Main.storyboard in Resources */ = {isa = PBXBuildFile; fileRef = CE9B13C31DDC59D5000CBA30 /* Main.storyboard */; };
		CE9B13C71DDC59D5000CBA30 /* Assets.xcassets in Resources */ = {isa = PBXBuildFile; fileRef = CE9B13C61DDC59D5000CBA30 /* Assets.xcassets */; };
		CE9B13CA1DDC59D5000CBA30 /* LaunchScreen.storyboard in Resources */ = {isa = PBXBuildFile; fileRef = CE9B13C81DDC59D5000CBA30 /* LaunchScreen.storyboard */; };
		CE9E9A011DDCC54F0048A64C /* PokeCell.swift in Sources */ = {isa = PBXBuildFile; fileRef = CE9E9A001DDCC54F0048A64C /* PokeCell.swift */; };
/* End PBXBuildFile section */

/* Begin PBXFileReference section */
		CE2434F81DDC95DE0091D9EF /* pokemon.csv */ = {isa = PBXFileReference; fileEncoding = 4; lastKnownFileType = text; path = pokemon.csv; sourceTree = "<group>"; };
		CE2434FB1DDC98320091D9EF /* Pokemon.swift */ = {isa = PBXFileReference; fileEncoding = 4; lastKnownFileType = sourcecode.swift; path = Pokemon.swift; sourceTree = "<group>"; };
		CE9B13BC1DDC59D5000CBA30 /* Pokemon-swift3.app */ = {isa = PBXFileReference; explicitFileType = wrapper.application; includeInIndex = 0; path = "Pokemon-swift3.app"; sourceTree = BUILT_PRODUCTS_DIR; };
		CE9B13BF1DDC59D5000CBA30 /* AppDelegate.swift */ = {isa = PBXFileReference; lastKnownFileType = sourcecode.swift; path = AppDelegate.swift; sourceTree = "<group>"; };
		CE9B13C11DDC59D5000CBA30 /* ViewController.swift */ = {isa = PBXFileReference; lastKnownFileType = sourcecode.swift; path = ViewController.swift; sourceTree = "<group>"; };
		CE9B13C41DDC59D5000CBA30 /* Base */ = {isa = PBXFileReference; lastKnownFileType = file.storyboard; name = Base; path = Base.lproj/Main.storyboard; sourceTree = "<group>"; };
		CE9B13C61DDC59D5000CBA30 /* Assets.xcassets */ = {isa = PBXFileReference; lastKnownFileType = folder.assetcatalog; path = Assets.xcassets; sourceTree = "<group>"; };
		CE9B13C91DDC59D5000CBA30 /* Base */ = {isa = PBXFileReference; lastKnownFileType = file.storyboard; name = Base; path = Base.lproj/LaunchScreen.storyboard; sourceTree = "<group>"; };
		CE9B13CB1DDC59D5000CBA30 /* Info.plist */ = {isa = PBXFileReference; lastKnownFileType = text.plist.xml; path = Info.plist; sourceTree = "<group>"; };
		CE9E9A001DDCC54F0048A64C /* PokeCell.swift */ = {isa = PBXFileReference; fileEncoding = 4; lastKnownFileType = sourcecode.swift; path = PokeCell.swift; sourceTree = "<group>"; };
/* End PBXFileReference section */

/* Begin PBXFrameworksBuildPhase section */
		CE9B13B91DDC59D4000CBA30 /* Frameworks */ = {
			isa = PBXFrameworksBuildPhase;
			buildActionMask = 2147483647;
			files = (
			);
			runOnlyForDeploymentPostprocessing = 0;
		};
/* End PBXFrameworksBuildPhase section */

/* Begin PBXGroup section */
		CE2434FA1DDC981D0091D9EF /* Model */ = {
			isa = PBXGroup;
			children = (
				CE2434FB1DDC98320091D9EF /* Pokemon.swift */,
			);
			name = Model;
			sourceTree = "<group>";
		};
		CE9B13B31DDC59D4000CBA30 = {
			isa = PBXGroup;
			children = (
				CE9B13BE1DDC59D5000CBA30 /* Pokemon-swift3 */,
				CE9B13BD1DDC59D5000CBA30 /* Products */,
			);
			sourceTree = "<group>";
		};
		CE9B13BD1DDC59D5000CBA30 /* Products */ = {
			isa = PBXGroup;
			children = (
				CE9B13BC1DDC59D5000CBA30 /* Pokemon-swift3.app */,
			);
			name = Products;
			sourceTree = "<group>";
		};
		CE9B13BE1DDC59D5000CBA30 /* Pokemon-swift3 */ = {
			isa = PBXGroup;
			children = (
				CECDF7071DDDB50F00EFF386 /* Cell */,
				CE2434FA1DDC981D0091D9EF /* Model */,
				CE9B13BF1DDC59D5000CBA30 /* AppDelegate.swift */,
				CE9B13C11DDC59D5000CBA30 /* ViewController.swift */,
				CE9B13C31DDC59D5000CBA30 /* Main.storyboard */,
				CE9B13C61DDC59D5000CBA30 /* Assets.xcassets */,
				CE2434F81DDC95DE0091D9EF /* pokemon.csv */,
				CE9B13C81DDC59D5000CBA30 /* LaunchScreen.storyboard */,
				CE9B13CB1DDC59D5000CBA30 /* Info.plist */,
			);
			path = "Pokemon-swift3";
			sourceTree = "<group>";
		};
		CECDF7071DDDB50F00EFF386 /* Cell */ = {
			isa = PBXGroup;
			children = (
				CE9E9A001DDCC54F0048A64C /* PokeCell.swift */,
			);
			name = Cell;
			sourceTree = "<group>";
		};
/* End PBXGroup section */

/* Begin PBXNativeTarget section */
		CE9B13BB1DDC59D4000CBA30 /* Pokemon-swift3 */ = {
			isa = PBXNativeTarget;
			buildConfigurationList = CE9B13CE1DDC59D5000CBA30 /* Build configuration list for PBXNativeTarget "Pokemon-swift3" */;
			buildPhases = (
				CE9B13B81DDC59D4000CBA30 /* Sources */,
				CE9B13B91DDC59D4000CBA30 /* Frameworks */,
				CE9B13BA1DDC59D4000CBA30 /* Resources */,
			);
			buildRules = (
			);
			dependencies = (
			);
			name = "Pokemon-swift3";
			productName = "Pokemon-swift3";
			productReference = CE9B13BC1DDC59D5000CBA30 /* Pokemon-swift3.app */;
			productType = "com.apple.product-type.application";
		};
/* End PBXNativeTarget section */

/* Begin PBXProject section */
		CE9B13B41DDC59D4000CBA30 /* Project object */ = {
			isa = PBXProject;
			attributes = {
				LastSwiftUpdateCheck = 0800;
				LastUpgradeCheck = 0800;
				ORGANIZATIONNAME = AG;
				TargetAttributes = {
					CE9B13BB1DDC59D4000CBA30 = {
						CreatedOnToolsVersion = 8.0;
						ProvisioningStyle = Automatic;
					};
				};
			};
			buildConfigurationList = CE9B13B71DDC59D4000CBA30 /* Build configuration list for PBXProject "Pokemon-swift3" */;
			compatibilityVersion = "Xcode 3.2";
			developmentRegion = English;
			hasScannedForEncodings = 0;
			knownRegions = (
				en,
				Base,
			);
			mainGroup = CE9B13B31DDC59D4000CBA30;
			productRefGroup = CE9B13BD1DDC59D5000CBA30 /* Products */;
			projectDirPath = "";
			projectRoot = "";
			targets = (
				CE9B13BB1DDC59D4000CBA30 /* Pokemon-swift3 */,
			);
		};
/* End PBXProject section */

/* Begin PBXResourcesBuildPhase section */
		CE9B13BA1DDC59D4000CBA30 /* Resources */ = {
			isa = PBXResourcesBuildPhase;
			buildActionMask = 2147483647;
			files = (
				CE9B13CA1DDC59D5000CBA30 /* LaunchScreen.storyboard in Resources */,
				CE9B13C71DDC59D5000CBA30 /* Assets.xcassets in Resources */,
				CE2434F91DDC95DE0091D9EF /* pokemon.csv in Resources */,
				CE9B13C51DDC59D5000CBA30 /* Main.storyboard in Resources */,
			);
			runOnlyForDeploymentPostprocessing = 0;
		};
/* End PBXResourcesBuildPhase section */

/* Begin PBXSourcesBuildPhase section */
		CE9B13B81DDC59D4000CBA30 /* Sources */ = {
			isa = PBXSourcesBuildPhase;
			buildActionMask = 2147483647;
			files = (
				CE9E9A011DDCC54F0048A64C /* PokeCell.swift in Sources */,
				CE9B13C21DDC59D5000CBA30 /* ViewController.swift in Sources */,
				CE9B13C01DDC59D5000CBA30 /* AppDelegate.swift in Sources */,
				CE2434FC1DDC98320091D9EF /* Pokemon.swift in Sources */,
			);
			runOnlyForDeploymentPostprocessing = 0;
		};
/* End PBXSourcesBuildPhase section */

/* Begin PBXVariantGroup section */
		CE9B13C31DDC59D5000CBA30 /* Main.storyboard */ = {
			isa = PBXVariantGroup;
			children = (
				CE9B13C41DDC59D5000CBA30 /* Base */,
			);
			name = Main.storyboard;
			sourceTree = "<group>";
		};
		CE9B13C81DDC59D5000CBA30 /* LaunchScreen.storyboard */ = {
			isa = PBXVariantGroup;
			children = (
				CE9B13C91DDC59D5000CBA30 /* Base */,
			);
			name = LaunchScreen.storyboard;
			sourceTree = "<group>";
		};
/* End PBXVariantGroup section */

/* Begin XCBuildConfiguration section */
		CE9B13CC1DDC59D5000CBA30 /* Debug */ = {
			isa = XCBuildConfiguration;
			buildSettings = {
				ALWAYS_SEARCH_USER_PATHS = NO;
				CLANG_ANALYZER_NONNULL = YES;
				CLANG_CXX_LANGUAGE_STANDARD = "gnu++0x";
				CLANG_CXX_LIBRARY = "libc++";
				CLANG_ENABLE_MODULES = YES;
				CLANG_ENABLE_OBJC_ARC = YES;
				CLANG_WARN_BOOL_CONVERSION = YES;
				CLANG_WARN_CONSTANT_CONVERSION = YES;
				CLANG_WARN_DIRECT_OBJC_ISA_USAGE = YES_ERROR;
				CLANG_WARN_DOCUMENTATION_COMMENTS = YES;
				CLANG_WARN_EMPTY_BODY = YES;
				CLANG_WARN_ENUM_CONVERSION = YES;
				CLANG_WARN_INFINITE_RECURSION = YES;
				CLANG_WARN_INT_CONVERSION = YES;
				CLANG_WARN_OBJC_ROOT_CLASS = YES_ERROR;
				CLANG_WARN_SUSPICIOUS_MOVES = YES;
				CLANG_WARN_UNREACHABLE_CODE = YES;
				CLANG_WARN__DUPLICATE_METHOD_MATCH = YES;
				"CODE_SIGN_IDENTITY[sdk=iphoneos*]" = "iPhone Developer";
				COPY_PHASE_STRIP = NO;
				DEBUG_INFORMATION_FORMAT = dwarf;
				ENABLE_STRICT_OBJC_MSGSEND = YES;
				ENABLE_TESTABILITY = YES;
				GCC_C_LANGUAGE_STANDARD = gnu99;
				GCC_DYNAMIC_NO_PIC = NO;
				GCC_NO_COMMON_BLOCKS = YES;
				GCC_OPTIMIZATION_LEVEL = 0;
				GCC_PREPROCESSOR_DEFINITIONS = (
					"DEBUG=1",
					"$(inherited)",
				);
				GCC_WARN_64_TO_32_BIT_CONVERSION = YES;
				GCC_WARN_ABOUT_RETURN_TYPE = YES_ERROR;
				GCC_WARN_UNDECLARED_SELECTOR = YES;
				GCC_WARN_UNINITIALIZED_AUTOS = YES_AGGRESSIVE;
				GCC_WARN_UNUSED_FUNCTION = YES;
				GCC_WARN_UNUSED_VARIABLE = YES;
				IPHONEOS_DEPLOYMENT_TARGET = 10.0;
				MTL_ENABLE_DEBUG_INFO = YES;
				ONLY_ACTIVE_ARCH = YES;
				SDKROOT = iphoneos;
				SWIFT_ACTIVE_COMPILATION_CONDITIONS = DEBUG;
				SWIFT_OPTIMIZATION_LEVEL = "-Onone";
				TARGETED_DEVICE_FAMILY = "1,2";
			};
			name = Debug;
		};
		CE9B13CD1DDC59D5000CBA30 /* Release */ = {
			isa = XCBuildConfiguration;
			buildSettings = {
				ALWAYS_SEARCH_USER_PATHS = NO;
				CLANG_ANALYZER_NONNULL = YES;
				CLANG_CXX_LANGUAGE_STANDARD = "gnu++0x";
				CLANG_CXX_LIBRARY = "libc++";
				CLANG_ENABLE_MODULES = YES;
				CLANG_ENABLE_OBJC_ARC = YES;
				CLANG_WARN_BOOL_CONVERSION = YES;
				CLANG_WARN_CONSTANT_CONVERSION = YES;
				CLANG_WARN_DIRECT_OBJC_ISA_USAGE = YES_ERROR;
				CLANG_WARN_DOCUMENTATION_COMMENTS = YES;
				CLANG_WARN_EMPTY_BODY = YES;
				CLANG_WARN_ENUM_CONVERSION = YES;
				CLANG_WARN_INFINITE_RECURSION = YES;
				CLANG_WARN_INT_CONVERSION = YES;
				CLANG_WARN_OBJC_ROOT_CLASS = YES_ERROR;
				CLANG_WARN_SUSPICIOUS_MOVES = YES;
				CLANG_WARN_UNREACHABLE_CODE = YES;
				CLANG_WARN__DUPLICATE_METHOD_MATCH = YES;
				"CODE_SIGN_IDENTITY[sdk=iphoneos*]" = "iPhone Developer";
				COPY_PHASE_STRIP = NO;
				DEBUG_INFORMATION_FORMAT = "dwarf-with-dsym";
				ENABLE_NS_ASSERTIONS = NO;
				ENABLE_STRICT_OBJC_MSGSEND = YES;
				GCC_C_LANGUAGE_STANDARD = gnu99;
				GCC_NO_COMMON_BLOCKS = YES;
				GCC_WARN_64_TO_32_BIT_CONVERSION = YES;
				GCC_WARN_ABOUT_RETURN_TYPE = YES_ERROR;
				GCC_WARN_UNDECLARED_SELECTOR = YES;
				GCC_WARN_UNINITIALIZED_AUTOS = YES_AGGRESSIVE;
				GCC_WARN_UNUSED_FUNCTION = YES;
				GCC_WARN_UNUSED_VARIABLE = YES;
				IPHONEOS_DEPLOYMENT_TARGET = 10.0;
				MTL_ENABLE_DEBUG_INFO = NO;
				SDKROOT = iphoneos;
				SWIFT_OPTIMIZATION_LEVEL = "-Owholemodule";
				TARGETED_DEVICE_FAMILY = "1,2";
				VALIDATE_PRODUCT = YES;
			};
			name = Release;
		};
		CE9B13CF1DDC59D5000CBA30 /* Debug */ = {
			isa = XCBuildConfiguration;
			buildSettings = {
				ASSETCATALOG_COMPILER_APPICON_NAME = AppIcon;
				INFOPLIST_FILE = "Pokemon-swift3/Info.plist";
				LD_RUNPATH_SEARCH_PATHS = "$(inherited) @executable_path/Frameworks";
				PRODUCT_BUNDLE_IDENTIFIER = "AG.Pokemon-swift3";
				PRODUCT_NAME = "$(TARGET_NAME)";
				SWIFT_VERSION = 3.0;
			};
			name = Debug;
		};
		CE9B13D01DDC59D5000CBA30 /* Release */ = {
			isa = XCBuildConfiguration;
			buildSettings = {
				ASSETCATALOG_COMPILER_APPICON_NAME = AppIcon;
				INFOPLIST_FILE = "Pokemon-swift3/Info.plist";
				LD_RUNPATH_SEARCH_PATHS = "$(inherited) @executable_path/Frameworks";
				PRODUCT_BUNDLE_IDENTIFIER = "AG.Pokemon-swift3";
				PRODUCT_NAME = "$(TARGET_NAME)";
				SWIFT_VERSION = 3.0;
			};
			name = Release;
		};
/* End XCBuildConfiguration section */

/* Begin XCConfigurationList section */
		CE9B13B71DDC59D4000CBA30 /* Build configuration list for PBXProject "Pokemon-swift3" */ = {
			isa = XCConfigurationList;
			buildConfigurations = (
				CE9B13CC1DDC59D5000CBA30 /* Debug */,
				CE9B13CD1DDC59D5000CBA30 /* Release */,
			);
			defaultConfigurationIsVisible = 0;
			defaultConfigurationName = Release;
		};
		CE9B13CE1DDC59D5000CBA30 /* Build configuration list for PBXNativeTarget "Pokemon-swift3" */ = {
			isa = XCConfigurationList;
			buildConfigurations = (
				CE9B13CF1DDC59D5000CBA30 /* Debug */,
				CE9B13D01DDC59D5000CBA30 /* Release */,
			);
			defaultConfigurationIsVisible = 0;
			defaultConfigurationName = Release;
		};
/* End XCConfigurationList section */
	};
	rootObject = CE9B13B41DDC59D4000CBA30 /* Project object */;
}
